
Microsoft Visual Studio Solution File, Format Version 12.00
# Visual Studio 15
VisualStudioVersion = 15.0.27004.2002
MinimumVisualStudioVersion = 10.0.40219.1
Project("{FAE04EC0-301F-11D3-BF4B-00C04F79EFBC}") = "ArthWeight", "ArthWeight\ArthWeight.csproj", "{2DBA5544-0B62-44DA-9AA1-B0FD3DA8A1CA}"
EndProject
Global
	GlobalSection(SolutionConfigurationPlatforms) = preSolution
		Debug|Any CPU = Debug|Any CPU
		Release|Any CPU = Release|Any CPU
	EndGlobalSection
	GlobalSection(ProjectConfigurationPlatforms) = postSolution
		{2DBA5544-0B62-44DA-9AA1-B0FD3DA8A1CA}.Debug|Any CPU.ActiveCfg = Debug|Any CPU
		{2DBA5544-0B62-44DA-9AA1-B0FD3DA8A1CA}.Debug|Any CPU.Build.0 = Debug|Any CPU
		{2DBA5544-0B62-44DA-9AA1-B0FD3DA8A1CA}.Release|Any CPU.ActiveCfg = Release|Any CPU
		{2DBA5544-0B62-44DA-9AA1-B0FD3DA8A1CA}.Release|Any CPU.Build.0 = Release|Any CPU
	EndGlobalSection
	GlobalSection(SolutionProperties) = preSolution
		HideSolutionNode = FALSE
	EndGlobalSection
	GlobalSection(ExtensibilityGlobals) = postSolution
		SolutionGuid = {EADF4C72-5C3C-4FBD-A936-6C8C734C3914}
	EndGlobalSection
EndGlobal
